// !$*UTF8*$!
{
	archiveVersion = 1;
	classes = {
	};
	objectVersion = 50;
	objects = {

/* Begin PBXBuildFile section */
		041CD4DA211866F600BC6D66 /* AppDelegate.swift in Sources */ = {isa = PBXBuildFile; fileRef = 041CD4D9211866F600BC6D66 /* AppDelegate.swift */; };
		041CD4DC211866F600BC6D66 /* ViewController.swift in Sources */ = {isa = PBXBuildFile; fileRef = 041CD4DB211866F600BC6D66 /* ViewController.swift */; };
		041CD4DF211866F600BC6D66 /* Main.storyboard in Resources */ = {isa = PBXBuildFile; fileRef = 041CD4DD211866F600BC6D66 /* Main.storyboard */; };
		041CD4E1211866F700BC6D66 /* Assets.xcassets in Resources */ = {isa = PBXBuildFile; fileRef = 041CD4E0211866F700BC6D66 /* Assets.xcassets */; };
		041CD4E4211866F700BC6D66 /* LaunchScreen.storyboard in Resources */ = {isa = PBXBuildFile; fileRef = 041CD4E2211866F700BC6D66 /* LaunchScreen.storyboard */; };
		046075132119874D00F371F1 /* TestViewController.swift in Sources */ = {isa = PBXBuildFile; fileRef = 046075122119874D00F371F1 /* TestViewController.swift */; };
		04607515211AB86500F371F1 /* ReactView.swift in Sources */ = {isa = PBXBuildFile; fileRef = 04607514211AB86500F371F1 /* ReactView.swift */; };
		04607526211AE28600F371F1 /* CalendarManager.swift in Sources */ = {isa = PBXBuildFile; fileRef = 04607525211AE28600F371F1 /* CalendarManager.swift */; };
		04607528211AE36100F371F1 /* CalendarManagerBridge.m in Sources */ = {isa = PBXBuildFile; fileRef = 04607527211AE36100F371F1 /* CalendarManagerBridge.m */; };
		0460752A211C2F8100F371F1 /* HelloWorldSquareManager.m in Sources */ = {isa = PBXBuildFile; fileRef = 04607529211C2F8100F371F1 /* HelloWorldSquareManager.m */; };
		0460752C211C445A00F371F1 /* SampleView.swift in Sources */ = {isa = PBXBuildFile; fileRef = 0460752B211C445A00F371F1 /* SampleView.swift */; };
		0460752E211C44A700F371F1 /* SampleViewManager.swift in Sources */ = {isa = PBXBuildFile; fileRef = 0460752D211C44A700F371F1 /* SampleViewManager.swift */; };
		04607530211C45A000F371F1 /* SampleViewModule.m in Sources */ = {isa = PBXBuildFile; fileRef = 0460752F211C45A000F371F1 /* SampleViewModule.m */; };
		ECFC9DFB54F83EEC973F0BF8 /* Pods_ReactNativeIOSApp.framework in Frameworks */ = {isa = PBXBuildFile; fileRef = BD95B31226E722EECBEDF275 /* Pods_ReactNativeIOSApp.framework */; };
/* End PBXBuildFile section */

/* Begin PBXFileReference section */
		041CD4D6211866F600BC6D66 /* ReactNativeIOSApp.app */ = {isa = PBXFileReference; explicitFileType = wrapper.application; includeInIndex = 0; path = ReactNativeIOSApp.app; sourceTree = BUILT_PRODUCTS_DIR; };
		041CD4D9211866F600BC6D66 /* AppDelegate.swift */ = {isa = PBXFileReference; lastKnownFileType = sourcecode.swift; path = AppDelegate.swift; sourceTree = "<group>"; };
		041CD4DB211866F600BC6D66 /* ViewController.swift */ = {isa = PBXFileReference; lastKnownFileType = sourcecode.swift; path = ViewController.swift; sourceTree = "<group>"; };
		041CD4DE211866F600BC6D66 /* Base */ = {isa = PBXFileReference; lastKnownFileType = file.storyboard; name = Base; path = Base.lproj/Main.storyboard; sourceTree = "<group>"; };
		041CD4E0211866F700BC6D66 /* Assets.xcassets */ = {isa = PBXFileReference; lastKnownFileType = folder.assetcatalog; path = Assets.xcassets; sourceTree = "<group>"; };
		041CD4E3211866F700BC6D66 /* Base */ = {isa = PBXFileReference; lastKnownFileType = file.storyboard; name = Base; path = Base.lproj/LaunchScreen.storyboard; sourceTree = "<group>"; };
		041CD4E5211866F700BC6D66 /* Info.plist */ = {isa = PBXFileReference; lastKnownFileType = text.plist.xml; path = Info.plist; sourceTree = "<group>"; };
		046075122119874D00F371F1 /* TestViewController.swift */ = {isa = PBXFileReference; lastKnownFileType = sourcecode.swift; path = TestViewController.swift; sourceTree = "<group>"; };
		04607514211AB86500F371F1 /* ReactView.swift */ = {isa = PBXFileReference; lastKnownFileType = sourcecode.swift; path = ReactView.swift; sourceTree = "<group>"; };
		04607519211ABD8F00F371F1 /* ReactNativeIOSApp-Bridging-Header.h */ = {isa = PBXFileReference; lastKnownFileType = sourcecode.c.h; path = "ReactNativeIOSApp-Bridging-Header.h"; sourceTree = "<group>"; };
		04607522211ADB4400F371F1 /* CalendarManager.h */ = {isa = PBXFileReference; lastKnownFileType = sourcecode.c.h; path = CalendarManager.h; sourceTree = "<group>"; };
		04607525211AE28600F371F1 /* CalendarManager.swift */ = {isa = PBXFileReference; lastKnownFileType = sourcecode.swift; path = CalendarManager.swift; sourceTree = "<group>"; };
		04607527211AE36100F371F1 /* CalendarManagerBridge.m */ = {isa = PBXFileReference; lastKnownFileType = sourcecode.c.objc; path = CalendarManagerBridge.m; sourceTree = "<group>"; };
		04607529211C2F8100F371F1 /* HelloWorldSquareManager.m */ = {isa = PBXFileReference; lastKnownFileType = sourcecode.c.objc; path = HelloWorldSquareManager.m; sourceTree = "<group>"; };
		0460752B211C445A00F371F1 /* SampleView.swift */ = {isa = PBXFileReference; lastKnownFileType = sourcecode.swift; path = SampleView.swift; sourceTree = "<group>"; };
		0460752D211C44A700F371F1 /* SampleViewManager.swift */ = {isa = PBXFileReference; lastKnownFileType = sourcecode.swift; path = SampleViewManager.swift; sourceTree = "<group>"; };
		0460752F211C45A000F371F1 /* SampleViewModule.m */ = {isa = PBXFileReference; lastKnownFileType = sourcecode.c.objc; path = SampleViewModule.m; sourceTree = "<group>"; };
		8641CAED9A5A41010DA7BC49 /* Pods-ReactNativeIOSApp.debug.xcconfig */ = {isa = PBXFileReference; includeInIndex = 1; lastKnownFileType = text.xcconfig; name = "Pods-ReactNativeIOSApp.debug.xcconfig"; path = "Pods/Target Support Files/Pods-ReactNativeIOSApp/Pods-ReactNativeIOSApp.debug.xcconfig"; sourceTree = "<group>"; };
		BD95B31226E722EECBEDF275 /* Pods_ReactNativeIOSApp.framework */ = {isa = PBXFileReference; explicitFileType = wrapper.framework; includeInIndex = 0; path = Pods_ReactNativeIOSApp.framework; sourceTree = BUILT_PRODUCTS_DIR; };
		E126C01A49419B21F096791E /* Pods-ReactNativeIOSApp.release.xcconfig */ = {isa = PBXFileReference; includeInIndex = 1; lastKnownFileType = text.xcconfig; name = "Pods-ReactNativeIOSApp.release.xcconfig"; path = "Pods/Target Support Files/Pods-ReactNativeIOSApp/Pods-ReactNativeIOSApp.release.xcconfig"; sourceTree = "<group>"; };
/* End PBXFileReference section */

/* Begin PBXFrameworksBuildPhase section */
		041CD4D3211866F600BC6D66 /* Frameworks */ = {
			isa = PBXFrameworksBuildPhase;
			buildActionMask = 2147483647;
			files = (
				ECFC9DFB54F83EEC973F0BF8 /* Pods_ReactNativeIOSApp.framework in Frameworks */,
			);
			runOnlyForDeploymentPostprocessing = 0;
		};
/* End PBXFrameworksBuildPhase section */

/* Begin PBXGroup section */
		041CD4CD211866F600BC6D66 = {
			isa = PBXGroup;
			children = (
				041CD4D8211866F600BC6D66 /* ReactNativeIOSApp */,
				041CD4D7211866F600BC6D66 /* Products */,
				94DC8809748835E1313D90BD /* Pods */,
				280F2239B398D8768E2667EE /* Frameworks */,
			);
			sourceTree = "<group>";
		};
		041CD4D7211866F600BC6D66 /* Products */ = {
			isa = PBXGroup;
			children = (
				041CD4D6211866F600BC6D66 /* ReactNativeIOSApp.app */,
			);
			name = Products;
			sourceTree = "<group>";
		};
		041CD4D8211866F600BC6D66 /* ReactNativeIOSApp */ = {
			isa = PBXGroup;
			children = (
				041CD4D9211866F600BC6D66 /* AppDelegate.swift */,
				041CD4DB211866F600BC6D66 /* ViewController.swift */,
				041CD4DD211866F600BC6D66 /* Main.storyboard */,
				041CD4E0211866F700BC6D66 /* Assets.xcassets */,
				041CD4E2211866F700BC6D66 /* LaunchScreen.storyboard */,
				041CD4E5211866F700BC6D66 /* Info.plist */,
				046075122119874D00F371F1 /* TestViewController.swift */,
				04607514211AB86500F371F1 /* ReactView.swift */,
				04607519211ABD8F00F371F1 /* ReactNativeIOSApp-Bridging-Header.h */,
				04607522211ADB4400F371F1 /* CalendarManager.h */,
				04607525211AE28600F371F1 /* CalendarManager.swift */,
				04607527211AE36100F371F1 /* CalendarManagerBridge.m */,
				04607529211C2F8100F371F1 /* HelloWorldSquareManager.m */,
				0460752B211C445A00F371F1 /* SampleView.swift */,
				0460752D211C44A700F371F1 /* SampleViewManager.swift */,
				0460752F211C45A000F371F1 /* SampleViewModule.m */,
			);
			path = ReactNativeIOSApp;
			sourceTree = "<group>";
		};
		280F2239B398D8768E2667EE /* Frameworks */ = {
			isa = PBXGroup;
			children = (
				BD95B31226E722EECBEDF275 /* Pods_ReactNativeIOSApp.framework */,
			);
			name = Frameworks;
			sourceTree = "<group>";
		};
		94DC8809748835E1313D90BD /* Pods */ = {
			isa = PBXGroup;
			children = (
				8641CAED9A5A41010DA7BC49 /* Pods-ReactNativeIOSApp.debug.xcconfig */,
				E126C01A49419B21F096791E /* Pods-ReactNativeIOSApp.release.xcconfig */,
			);
			name = Pods;
			sourceTree = "<group>";
		};
/* End PBXGroup section */

/* Begin PBXNativeTarget section */
		041CD4D5211866F600BC6D66 /* ReactNativeIOSApp */ = {
			isa = PBXNativeTarget;
			buildConfigurationList = 041CD4E8211866F700BC6D66 /* Build configuration list for PBXNativeTarget "ReactNativeIOSApp" */;
			buildPhases = (
				1B6915D0D383E80DC5745A5C /* [CP] Check Pods Manifest.lock */,
				041CD4D2211866F600BC6D66 /* Sources */,
				041CD4D3211866F600BC6D66 /* Frameworks */,
				041CD4D4211866F600BC6D66 /* Resources */,
				C7B0F4DD4314CC65F7376CFD /* [CP] Embed Pods Frameworks */,
			);
			buildRules = (
			);
			dependencies = (
			);
			name = ReactNativeIOSApp;
			productName = ReactNativeIOSApp;
			productReference = 041CD4D6211866F600BC6D66 /* ReactNativeIOSApp.app */;
			productType = "com.apple.product-type.application";
		};
/* End PBXNativeTarget section */

/* Begin PBXProject section */
		041CD4CE211866F600BC6D66 /* Project object */ = {
			isa = PBXProject;
			attributes = {
				LastSwiftUpdateCheck = 0940;
				LastUpgradeCheck = 0940;
				ORGANIZATIONNAME = mac;
				TargetAttributes = {
					041CD4D5211866F600BC6D66 = {
						CreatedOnToolsVersion = 9.4.1;
						LastSwiftMigration = 0940;
					};
				};
			};
			buildConfigurationList = 041CD4D1211866F600BC6D66 /* Build configuration list for PBXProject "ReactNativeIOSApp" */;
			compatibilityVersion = "Xcode 9.3";
			developmentRegion = en;
			hasScannedForEncodings = 0;
			knownRegions = (
				en,
				Base,
			);
			mainGroup = 041CD4CD211866F600BC6D66;
			productRefGroup = 041CD4D7211866F600BC6D66 /* Products */;
			projectDirPath = "";
			projectRoot = "";
			targets = (
				041CD4D5211866F600BC6D66 /* ReactNativeIOSApp */,
			);
		};
/* End PBXProject section */

/* Begin PBXResourcesBuildPhase section */
		041CD4D4211866F600BC6D66 /* Resources */ = {
			isa = PBXResourcesBuildPhase;
			buildActionMask = 2147483647;
			files = (
				041CD4E4211866F700BC6D66 /* LaunchScreen.storyboard in Resources */,
				041CD4E1211866F700BC6D66 /* Assets.xcassets in Resources */,
				041CD4DF211866F600BC6D66 /* Main.storyboard in Resources */,
			);
			runOnlyForDeploymentPostprocessing = 0;
		};
/* End PBXResourcesBuildPhase section */

/* Begin PBXShellScriptBuildPhase section */
		1B6915D0D383E80DC5745A5C /* [CP] Check Pods Manifest.lock */ = {
			isa = PBXShellScriptBuildPhase;
			buildActionMask = 2147483647;
			files = (
			);
			inputPaths = (
				"${PODS_PODFILE_DIR_PATH}/Podfile.lock",
				"${PODS_ROOT}/Manifest.lock",
			);
			name = "[CP] Check Pods Manifest.lock";
			outputPaths = (
				"$(DERIVED_FILE_DIR)/Pods-ReactNativeIOSApp-checkManifestLockResult.txt",
			);
			runOnlyForDeploymentPostprocessing = 0;
			shellPath = /bin/sh;
			shellScript = "diff \"${PODS_PODFILE_DIR_PATH}/Podfile.lock\" \"${PODS_ROOT}/Manifest.lock\" > /dev/null\nif [ $? != 0 ] ; then\n    # print error to STDERR\n    echo \"error: The sandbox is not in sync with the Podfile.lock. Run 'pod install' or update your CocoaPods installation.\" >&2\n    exit 1\nfi\n# This output is used by Xcode 'outputs' to avoid re-running this script phase.\necho \"SUCCESS\" > \"${SCRIPT_OUTPUT_FILE_0}\"\n";
			showEnvVarsInLog = 0;
		};
		C7B0F4DD4314CC65F7376CFD /* [CP] Embed Pods Frameworks */ = {
			isa = PBXShellScriptBuildPhase;
			buildActionMask = 2147483647;
			files = (
			);
			inputPaths = (
				"${SRCROOT}/Pods/Target Support Files/Pods-ReactNativeIOSApp/Pods-ReactNativeIOSApp-frameworks.sh",
				"${BUILT_PRODUCTS_DIR}/DoubleConversion/DoubleConversion.framework",
				"${BUILT_PRODUCTS_DIR}/Folly/folly.framework",
				"${BUILT_PRODUCTS_DIR}/React/React.framework",
				"${BUILT_PRODUCTS_DIR}/glog/glog.framework",
				"${BUILT_PRODUCTS_DIR}/yoga/yoga.framework",
			);
			name = "[CP] Embed Pods Frameworks";
			outputPaths = (
				"${TARGET_BUILD_DIR}/${FRAMEWORKS_FOLDER_PATH}/DoubleConversion.framework",
				"${TARGET_BUILD_DIR}/${FRAMEWORKS_FOLDER_PATH}/folly.framework",
				"${TARGET_BUILD_DIR}/${FRAMEWORKS_FOLDER_PATH}/React.framework",
				"${TARGET_BUILD_DIR}/${FRAMEWORKS_FOLDER_PATH}/glog.framework",
				"${TARGET_BUILD_DIR}/${FRAMEWORKS_FOLDER_PATH}/yoga.framework",
			);
			runOnlyForDeploymentPostprocessing = 0;
			shellPath = /bin/sh;
			shellScript = "\"${SRCROOT}/Pods/Target Support Files/Pods-ReactNativeIOSApp/Pods-ReactNativeIOSApp-frameworks.sh\"\n";
			showEnvVarsInLog = 0;
		};
/* End PBXShellScriptBuildPhase section */

/* Begin PBXSourcesBuildPhase section */
		041CD4D2211866F600BC6D66 /* Sources */ = {
			isa = PBXSourcesBuildPhase;
			buildActionMask = 2147483647;
			files = (
				04607530211C45A000F371F1 /* SampleViewModule.m in Sources */,
				0460752C211C445A00F371F1 /* SampleView.swift in Sources */,
				04607515211AB86500F371F1 /* ReactView.swift in Sources */,
				041CD4DC211866F600BC6D66 /* ViewController.swift in Sources */,
				0460752E211C44A700F371F1 /* SampleViewManager.swift in Sources */,
				0460752A211C2F8100F371F1 /* HelloWorldSquareManager.m in Sources */,
				04607526211AE28600F371F1 /* CalendarManager.swift in Sources */,
				046075132119874D00F371F1 /* TestViewController.swift in Sources */,
				04607528211AE36100F371F1 /* CalendarManagerBridge.m in Sources */,
				041CD4DA211866F600BC6D66 /* AppDelegate.swift in Sources */,
			);
			runOnlyForDeploymentPostprocessing = 0;
		};
/* End PBXSourcesBuildPhase section */

/* Begin PBXVariantGroup section */
		041CD4DD211866F600BC6D66 /* Main.storyboard */ = {
			isa = PBXVariantGroup;
			children = (
				041CD4DE211866F600BC6D66 /* Base */,
			);
			name = Main.storyboard;
			sourceTree = "<group>";
		};
		041CD4E2211866F700BC6D66 /* LaunchScreen.storyboard */ = {
			isa = PBXVariantGroup;
			children = (
				041CD4E3211866F700BC6D66 /* Base */,
			);
			name = LaunchScreen.storyboard;
			sourceTree = "<group>";
		};
/* End PBXVariantGroup section */

/* Begin XCBuildConfiguration section */
		041CD4E6211866F700BC6D66 /* Debug */ = {
			isa = XCBuildConfiguration;
			buildSettings = {
				ALWAYS_SEARCH_USER_PATHS = NO;
				CLANG_ANALYZER_NONNULL = YES;
				CLANG_ANALYZER_NUMBER_OBJECT_CONVERSION = YES_AGGRESSIVE;
				CLANG_CXX_LANGUAGE_STANDARD = "gnu++14";
				CLANG_CXX_LIBRARY = "libc++";
				CLANG_ENABLE_MODULES = YES;
				CLANG_ENABLE_OBJC_ARC = YES;
				CLANG_ENABLE_OBJC_WEAK = YES;
				CLANG_WARN_BLOCK_CAPTURE_AUTORELEASING = YES;
				CLANG_WARN_BOOL_CONVERSION = YES;
				CLANG_WARN_COMMA = YES;
				CLANG_WARN_CONSTANT_CONVERSION = YES;
				CLANG_WARN_DEPRECATED_OBJC_IMPLEMENTATIONS = YES;
				CLANG_WARN_DIRECT_OBJC_ISA_USAGE = YES_ERROR;
				CLANG_WARN_DOCUMENTATION_COMMENTS = YES;
				CLANG_WARN_EMPTY_BODY = YES;
				CLANG_WARN_ENUM_CONVERSION = YES;
				CLANG_WARN_INFINITE_RECURSION = YES;
				CLANG_WARN_INT_CONVERSION = YES;
				CLANG_WARN_NON_LITERAL_NULL_CONVERSION = YES;
				CLANG_WARN_OBJC_IMPLICIT_RETAIN_SELF = YES;
				CLANG_WARN_OBJC_LITERAL_CONVERSION = YES;
				CLANG_WARN_OBJC_ROOT_CLASS = YES_ERROR;
				CLANG_WARN_RANGE_LOOP_ANALYSIS = YES;
				CLANG_WARN_STRICT_PROTOTYPES = YES;
				CLANG_WARN_SUSPICIOUS_MOVE = YES;
				CLANG_WARN_UNGUARDED_AVAILABILITY = YES_AGGRESSIVE;
				CLANG_WARN_UNREACHABLE_CODE = YES;
				CLANG_WARN__DUPLICATE_METHOD_MATCH = YES;
				CODE_SIGN_IDENTITY = "iPhone Developer";
				COPY_PHASE_STRIP = NO;
				DEBUG_INFORMATION_FORMAT = dwarf;
				ENABLE_STRICT_OBJC_MSGSEND = YES;
				ENABLE_TESTABILITY = YES;
				GCC_C_LANGUAGE_STANDARD = gnu11;
				GCC_DYNAMIC_NO_PIC = NO;
				GCC_NO_COMMON_BLOCKS = YES;
				GCC_OPTIMIZATION_LEVEL = 0;
				GCC_PREPROCESSOR_DEFINITIONS = (
					"DEBUG=1",
					"$(inherited)",
				);
				GCC_WARN_64_TO_32_BIT_CONVERSION = YES;
				GCC_WARN_ABOUT_RETURN_TYPE = YES_ERROR;
				GCC_WARN_UNDECLARED_SELECTOR = YES;
				GCC_WARN_UNINITIALIZED_AUTOS = YES_AGGRESSIVE;
				GCC_WARN_UNUSED_FUNCTION = YES;
				GCC_WARN_UNUSED_VARIABLE = YES;
				IPHONEOS_DEPLOYMENT_TARGET = 11.4;
				MTL_ENABLE_DEBUG_INFO = YES;
				ONLY_ACTIVE_ARCH = YES;
				SDKROOT = iphoneos;
				SWIFT_ACTIVE_COMPILATION_CONDITIONS = DEBUG;
				SWIFT_OPTIMIZATION_LEVEL = "-Onone";
			};
			name = Debug;
		};
		041CD4E7211866F700BC6D66 /* Release */ = {
			isa = XCBuildConfiguration;
			buildSettings = {
				ALWAYS_SEARCH_USER_PATHS = NO;
				CLANG_ANALYZER_NONNULL = YES;
				CLANG_ANALYZER_NUMBER_OBJECT_CONVERSION = YES_AGGRESSIVE;
				CLANG_CXX_LANGUAGE_STANDARD = "gnu++14";
				CLANG_CXX_LIBRARY = "libc++";
				CLANG_ENABLE_MODULES = YES;
				CLANG_ENABLE_OBJC_ARC = YES;
				CLANG_ENABLE_OBJC_WEAK = YES;
				CLANG_WARN_BLOCK_CAPTURE_AUTORELEASING = YES;
				CLANG_WARN_BOOL_CONVERSION = YES;
				CLANG_WARN_COMMA = YES;
				CLANG_WARN_CONSTANT_CONVERSION = YES;
				CLANG_WARN_DEPRECATED_OBJC_IMPLEMENTATIONS = YES;
				CLANG_WARN_DIRECT_OBJC_ISA_USAGE = YES_ERROR;
				CLANG_WARN_DOCUMENTATION_COMMENTS = YES;
				CLANG_WARN_EMPTY_BODY = YES;
				CLANG_WARN_ENUM_CONVERSION = YES;
				CLANG_WARN_INFINITE_RECURSION = YES;
				CLANG_WARN_INT_CONVERSION = YES;
				CLANG_WARN_NON_LITERAL_NULL_CONVERSION = YES;
				CLANG_WARN_OBJC_IMPLICIT_RETAIN_SELF = YES;
				CLANG_WARN_OBJC_LITERAL_CONVERSION = YES;
				CLANG_WARN_OBJC_ROOT_CLASS = YES_ERROR;
				CLANG_WARN_RANGE_LOOP_ANALYSIS = YES;
				CLANG_WARN_STRICT_PROTOTYPES = YES;
				CLANG_WARN_SUSPICIOUS_MOVE = YES;
				CLANG_WARN_UNGUARDED_AVAILABILITY = YES_AGGRESSIVE;
				CLANG_WARN_UNREACHABLE_CODE = YES;
				CLANG_WARN__DUPLICATE_METHOD_MATCH = YES;
				CODE_SIGN_IDENTITY = "iPhone Developer";
				COPY_PHASE_STRIP = NO;
				DEBUG_INFORMATION_FORMAT = "dwarf-with-dsym";
				ENABLE_NS_ASSERTIONS = NO;
				ENABLE_STRICT_OBJC_MSGSEND = YES;
				GCC_C_LANGUAGE_STANDARD = gnu11;
				GCC_NO_COMMON_BLOCKS = YES;
				GCC_WARN_64_TO_32_BIT_CONVERSION = YES;
				GCC_WARN_ABOUT_RETURN_TYPE = YES_ERROR;
				GCC_WARN_UNDECLARED_SELECTOR = YES;
				GCC_WARN_UNINITIALIZED_AUTOS = YES_AGGRESSIVE;
				GCC_WARN_UNUSED_FUNCTION = YES;
				GCC_WARN_UNUSED_VARIABLE = YES;
				IPHONEOS_DEPLOYMENT_TARGET = 11.4;
				MTL_ENABLE_DEBUG_INFO = NO;
				SDKROOT = iphoneos;
				SWIFT_COMPILATION_MODE = wholemodule;
				SWIFT_OPTIMIZATION_LEVEL = "-O";
				VALIDATE_PRODUCT = YES;
			};
			name = Release;
		};
		041CD4E9211866F700BC6D66 /* Debug */ = {
			isa = XCBuildConfiguration;
			baseConfigurationReference = 8641CAED9A5A41010DA7BC49 /* Pods-ReactNativeIOSApp.debug.xcconfig */;
			buildSettings = {
				ASSETCATALOG_COMPILER_APPICON_NAME = AppIcon;
				CLANG_ENABLE_MODULES = YES;
				CODE_SIGN_STYLE = Automatic;
				INFOPLIST_FILE = ReactNativeIOSApp/Info.plist;
				LD_RUNPATH_SEARCH_PATHS = (
					"$(inherited)",
					"@executable_path/Frameworks",
				);
				PRODUCT_BUNDLE_IDENTIFIER = com.QRC.ReactNativeIOSApp;
				PRODUCT_NAME = "$(TARGET_NAME)";
				SWIFT_OBJC_BRIDGING_HEADER = "ReactNativeIOSApp/ReactNativeIOSApp-Bridging-Header.h";
				SWIFT_OPTIMIZATION_LEVEL = "-Onone";
				SWIFT_VERSION = 4.0;
				TARGETED_DEVICE_FAMILY = "1,2";
			};
			name = Debug;
		};
		041CD4EA211866F700BC6D66 /* Release */ = {
			isa = XCBuildConfiguration;
			baseConfigurationReference = E126C01A49419B21F096791E /* Pods-ReactNativeIOSApp.release.xcconfig */;
			buildSettings = {
				ASSETCATALOG_COMPILER_APPICON_NAME = AppIcon;
				CLANG_ENABLE_MODULES = YES;
				CODE_SIGN_STYLE = Automatic;
				INFOPLIST_FILE = ReactNativeIOSApp/Info.plist;
				LD_RUNPATH_SEARCH_PATHS = (
					"$(inherited)",
					"@executable_path/Frameworks",
				);
				PRODUCT_BUNDLE_IDENTIFIER = com.QRC.ReactNativeIOSApp;
				PRODUCT_NAME = "$(TARGET_NAME)";
				SWIFT_OBJC_BRIDGING_HEADER = "ReactNativeIOSApp/ReactNativeIOSApp-Bridging-Header.h";
				SWIFT_VERSION = 4.0;
				TARGETED_DEVICE_FAMILY = "1,2";
			};
			name = Release;
		};
/* End XCBuildConfiguration section */

/* Begin XCConfigurationList section */
		041CD4D1211866F600BC6D66 /* Build configuration list for PBXProject "ReactNativeIOSApp" */ = {
			isa = XCConfigurationList;
			buildConfigurations = (
				041CD4E6211866F700BC6D66 /* Debug */,
				041CD4E7211866F700BC6D66 /* Release */,
			);
			defaultConfigurationIsVisible = 0;
			defaultConfigurationName = Release;
		};
		041CD4E8211866F700BC6D66 /* Build configuration list for PBXNativeTarget "ReactNativeIOSApp" */ = {
			isa = XCConfigurationList;
			buildConfigurations = (
				041CD4E9211866F700BC6D66 /* Debug */,
				041CD4EA211866F700BC6D66 /* Release */,
			);
			defaultConfigurationIsVisible = 0;
			defaultConfigurationName = Release;
		};
/* End XCConfigurationList section */
	};
	rootObject = 041CD4CE211866F600BC6D66 /* Project object */;
}
